
Microsoft Visual Studio Solution File, Format Version 12.00
# Visual Studio 15
VisualStudioVersion = 15.0.28307.136
MinimumVisualStudioVersion = 10.0.40219.1
Project("{9A19103F-16F7-4668-BE54-9A1E7A4F7556}") = "SainaYar.InvestmentFund.Core", "SainaYar.InvestmentFund.Model\SainaYar.InvestmentFund.Core.csproj", "{18CA6848-C97B-46DF-B3CD-C7AD78A2D99F}"
EndProject
Project("{2150E333-8FDC-42A3-9474-1A3956D46DE8}") = "DomainModel", "DomainModel", "{B281DD28-8345-404B-9A54-5424139CD76B}"
EndProject
Project("{2150E333-8FDC-42A3-9474-1A3956D46DE8}") = "Test", "Test", "{1CD6BCD6-7C19-404F-9794-C17E693725D5}"
EndProject
Project("{9A19103F-16F7-4668-BE54-9A1E7A4F7556}") = "SainaYar.InvestmentFund.Tests", "SainaYar.Tests\SainaYar.InvestmentFund.Tests.csproj", "{563B5F81-0BA6-46FD-84CC-95252F9A245F}"
EndProject
Project("{2150E333-8FDC-42A3-9474-1A3956D46DE8}") = "SharedKernel", "SharedKernel", "{345AB357-2354-41F7-AA2C-141520E434AA}"
EndProject
Project("{9A19103F-16F7-4668-BE54-9A1E7A4F7556}") = "SainaYar.SharedKernel", "SainaYar.SharedKernel\SainaYar.SharedKernel.csproj", "{7A448376-42B0-46AF-A7BE-961F9C3C3402}"
EndProject
Project("{9A19103F-16F7-4668-BE54-9A1E7A4F7556}") = "SainaYar.SharedKernel.Tests", "SainaYar.SharedKernel.Tests\SainaYar.SharedKernel.Tests.csproj", "{97649EA5-7549-42F4-A129-52A52D0CD589}"
EndProject
Project("{9A19103F-16F7-4668-BE54-9A1E7A4F7556}") = "SainaYar.Matchmaking.Core", "SainaYar.Matchmaking.Model\SainaYar.Matchmaking.Core.csproj", "{7B91A416-24DA-4B97-9F1F-DED66BD1F0EA}"
EndProject
Project("{FAE04EC0-301F-11D3-BF4B-00C04F79EFBC}") = "SainaYar.Matchmaking.Tests", "SainaYar.Matchmaking.Tests\SainaYar.Matchmaking.Tests.csproj", "{86020545-8685-4297-89CD-2E5BF4F4A73E}"
EndProject
Global
	GlobalSection(SolutionConfigurationPlatforms) = preSolution
		Debug|Any CPU = Debug|Any CPU
		Release|Any CPU = Release|Any CPU
	EndGlobalSection
	GlobalSection(ProjectConfigurationPlatforms) = postSolution
		{18CA6848-C97B-46DF-B3CD-C7AD78A2D99F}.Debug|Any CPU.ActiveCfg = Debug|Any CPU
		{18CA6848-C97B-46DF-B3CD-C7AD78A2D99F}.Debug|Any CPU.Build.0 = Debug|Any CPU
		{18CA6848-C97B-46DF-B3CD-C7AD78A2D99F}.Release|Any CPU.ActiveCfg = Release|Any CPU
		{18CA6848-C97B-46DF-B3CD-C7AD78A2D99F}.Release|Any CPU.Build.0 = Release|Any CPU
		{563B5F81-0BA6-46FD-84CC-95252F9A245F}.Debug|Any CPU.ActiveCfg = Debug|Any CPU
		{563B5F81-0BA6-46FD-84CC-95252F9A245F}.Debug|Any CPU.Build.0 = Debug|Any CPU
		{563B5F81-0BA6-46FD-84CC-95252F9A245F}.Release|Any CPU.ActiveCfg = Release|Any CPU
		{563B5F81-0BA6-46FD-84CC-95252F9A245F}.Release|Any CPU.Build.0 = Release|Any CPU
		{7A448376-42B0-46AF-A7BE-961F9C3C3402}.Debug|Any CPU.ActiveCfg = Debug|Any CPU
		{7A448376-42B0-46AF-A7BE-961F9C3C3402}.Debug|Any CPU.Build.0 = Debug|Any CPU
		{7A448376-42B0-46AF-A7BE-961F9C3C3402}.Release|Any CPU.ActiveCfg = Release|Any CPU
		{7A448376-42B0-46AF-A7BE-961F9C3C3402}.Release|Any CPU.Build.0 = Release|Any CPU
		{97649EA5-7549-42F4-A129-52A52D0CD589}.Debug|Any CPU.ActiveCfg = Debug|Any CPU
		{97649EA5-7549-42F4-A129-52A52D0CD589}.Debug|Any CPU.Build.0 = Debug|Any CPU
		{97649EA5-7549-42F4-A129-52A52D0CD589}.Release|Any CPU.ActiveCfg = Release|Any CPU
		{97649EA5-7549-42F4-A129-52A52D0CD589}.Release|Any CPU.Build.0 = Release|Any CPU
		{7B91A416-24DA-4B97-9F1F-DED66BD1F0EA}.Debug|Any CPU.ActiveCfg = Debug|Any CPU
		{7B91A416-24DA-4B97-9F1F-DED66BD1F0EA}.Debug|Any CPU.Build.0 = Debug|Any CPU
		{7B91A416-24DA-4B97-9F1F-DED66BD1F0EA}.Release|Any CPU.ActiveCfg = Release|Any CPU
		{7B91A416-24DA-4B97-9F1F-DED66BD1F0EA}.Release|Any CPU.Build.0 = Release|Any CPU
		{86020545-8685-4297-89CD-2E5BF4F4A73E}.Debug|Any CPU.ActiveCfg = Debug|Any CPU
		{86020545-8685-4297-89CD-2E5BF4F4A73E}.Debug|Any CPU.Build.0 = Debug|Any CPU
		{86020545-8685-4297-89CD-2E5BF4F4A73E}.Release|Any CPU.ActiveCfg = Release|Any CPU
		{86020545-8685-4297-89CD-2E5BF4F4A73E}.Release|Any CPU.Build.0 = Release|Any CPU
	EndGlobalSection
	GlobalSection(SolutionProperties) = preSolution
		HideSolutionNode = FALSE
	EndGlobalSection
	GlobalSection(NestedProjects) = preSolution
		{18CA6848-C97B-46DF-B3CD-C7AD78A2D99F} = {B281DD28-8345-404B-9A54-5424139CD76B}
		{563B5F81-0BA6-46FD-84CC-95252F9A245F} = {1CD6BCD6-7C19-404F-9794-C17E693725D5}
		{7A448376-42B0-46AF-A7BE-961F9C3C3402} = {345AB357-2354-41F7-AA2C-141520E434AA}
		{97649EA5-7549-42F4-A129-52A52D0CD589} = {345AB357-2354-41F7-AA2C-141520E434AA}
		{7B91A416-24DA-4B97-9F1F-DED66BD1F0EA} = {B281DD28-8345-404B-9A54-5424139CD76B}
		{86020545-8685-4297-89CD-2E5BF4F4A73E} = {1CD6BCD6-7C19-404F-9794-C17E693725D5}
	EndGlobalSection
	GlobalSection(ExtensibilityGlobals) = postSolution
		SolutionGuid = {EC4971E9-8031-4BF2-9B45-C2F9ABB59FF3}
	EndGlobalSection
EndGlobal
